{
  "nodes": {
    "nixpkgs": {
      "locked": {
        "lastModified": 1772726771,
        "narHash": "sha256-V3J6ItbJBKSFFY1cuX2/ummH7Rh5VCfnHYAETbQGmgg=",
        "owner": "nixos",
        "repo": "nixpkgs",
        "rev": "1bda871606bed7dbe34d7a1b4e333a1c1e056087",
        "type": "github"
      },
      "original": {
        "owner": "nixos",
        "repo": "nixpkgs",
        "type": "github"
      }
    },
    "root": {
      "inputs": {
        "nixpkgs": "nixpkgs"
      }
    }
  },
  "root": "root",
  "version": 7
}
